
Microsoft Visual Studio Solution File, Format Version 11.00
# Visual Basic Express 2010
Project("{F184B08F-C81C-45F6-A57F-5ABD9991F28F}") = "4-多元練習3-刺青圖案", "4-多元練習3-刺青圖案\4-多元練習3-刺青圖案.vbproj", "{E5319852-EC17-4A0B-94C5-50049830588E}"
EndProject
Global
	GlobalSection(SolutionConfigurationPlatforms) = preSolution
		Debug|x86 = Debug|x86
		Release|x86 = Release|x86
	EndGlobalSection
	GlobalSection(ProjectConfigurationPlatforms) = postSolution
		{E5319852-EC17-4A0B-94C5-50049830588E}.Debug|x86.ActiveCfg = Debug|x86
		{E5319852-EC17-4A0B-94C5-50049830588E}.Debug|x86.Build.0 = Debug|x86
		{E5319852-EC17-4A0B-94C5-50049830588E}.Release|x86.ActiveCfg = Release|x86
		{E5319852-EC17-4A0B-94C5-50049830588E}.Release|x86.Build.0 = Release|x86
	EndGlobalSection
	GlobalSection(SolutionProperties) = preSolution
		HideSolutionNode = FALSE
	EndGlobalSection
EndGlobal
